// !$*UTF8*$!
{
	archiveVersion = 1;
	classes = {
	};
	objectVersion = 48;
	objects = {

/* Begin PBXBuildFile section */
		56034A842022A80500854FA7 /* GigViewController.swift in Sources */ = {isa = PBXBuildFile; fileRef = 56034A832022A80500854FA7 /* GigViewController.swift */; };
		563F48F72026ABD800E9D489 /* StatsView.xib in Resources */ = {isa = PBXBuildFile; fileRef = 563F48F62026ABD800E9D489 /* StatsView.xib */; };
		563F48F92026AC0500E9D489 /* StatsView.swift in Sources */ = {isa = PBXBuildFile; fileRef = 563F48F82026AC0500E9D489 /* StatsView.swift */; };
		5650CBD8202340F0000C1237 /* Gig.swift in Sources */ = {isa = PBXBuildFile; fileRef = 5650CBD7202340F0000C1237 /* Gig.swift */; };
		5650CBDA202345C4000C1237 /* GigDelegate.swift in Sources */ = {isa = PBXBuildFile; fileRef = 5650CBD9202345C4000C1237 /* GigDelegate.swift */; };
		5650CBDC20234892000C1237 /* GigViewController+Dynamics.swift in Sources */ = {isa = PBXBuildFile; fileRef = 5650CBDB20234892000C1237 /* GigViewController+Dynamics.swift */; };
		5650CBDE202348A3000C1237 /* GigViewController+GigDelegate.swift in Sources */ = {isa = PBXBuildFile; fileRef = 5650CBDD202348A3000C1237 /* GigViewController+GigDelegate.swift */; };
		566B6949202126F70078E2B2 /* Player.swift in Sources */ = {isa = PBXBuildFile; fileRef = 566B6948202126F60078E2B2 /* Player.swift */; };
		566B694B2021270C0078E2B2 /* Venue.swift in Sources */ = {isa = PBXBuildFile; fileRef = 566B694A2021270C0078E2B2 /* Venue.swift */; };
		566B694D202127480078E2B2 /* Shop.swift in Sources */ = {isa = PBXBuildFile; fileRef = 566B694C202127480078E2B2 /* Shop.swift */; };
		566B69542021381C0078E2B2 /* VenueViewController.swift in Sources */ = {isa = PBXBuildFile; fileRef = 566B69532021381C0078E2B2 /* VenueViewController.swift */; };
		566B69562021B8E90078E2B2 /* ShopDataModel.swift in Sources */ = {isa = PBXBuildFile; fileRef = 566B69552021B8E90078E2B2 /* ShopDataModel.swift */; };
		566B69582021BDE40078E2B2 /* ShopItem.swift in Sources */ = {isa = PBXBuildFile; fileRef = 566B69572021BDE40078E2B2 /* ShopItem.swift */; };
		566B695C2021CBE20078E2B2 /* ShopItemTableViewCell.swift in Sources */ = {isa = PBXBuildFile; fileRef = 566B695B2021CBE20078E2B2 /* ShopItemTableViewCell.swift */; };
		566B6960202260B50078E2B2 /* SimpleJSON.swift in Sources */ = {isa = PBXBuildFile; fileRef = 566B695F202260B50078E2B2 /* SimpleJSON.swift */; };
		566FF2DB20226659003B1251 /* shop.json in Resources */ = {isa = PBXBuildFile; fileRef = 566B695D20222C110078E2B2 /* shop.json */; };
		566FF2DD20226C83003B1251 /* venues.json in Resources */ = {isa = PBXBuildFile; fileRef = 566FF2DC20226C83003B1251 /* venues.json */; };
		56AE166420226ECA0028568A /* VenuesDataModel.swift in Sources */ = {isa = PBXBuildFile; fileRef = 56AE166320226ECA0028568A /* VenuesDataModel.swift */; };
		56BA9C6D2027237B003D6EA2 /* StarRatingView.xib in Resources */ = {isa = PBXBuildFile; fileRef = 56BA9C6C2027237B003D6EA2 /* StarRatingView.xib */; };
		56BA9C70202723AF003D6EA2 /* StarRatingView.swift in Sources */ = {isa = PBXBuildFile; fileRef = 56BA9C6F202723AF003D6EA2 /* StarRatingView.swift */; };
		56BA9C7220272761003D6EA2 /* CustomView.swift in Sources */ = {isa = PBXBuildFile; fileRef = 56BA9C7120272761003D6EA2 /* CustomView.swift */; };
		56BA9C74202743EC003D6EA2 /* MyTabBarController.swift in Sources */ = {isa = PBXBuildFile; fileRef = 56BA9C73202743EC003D6EA2 /* MyTabBarController.swift */; };
		56BA9C7620279506003D6EA2 /* GigResults.swift in Sources */ = {isa = PBXBuildFile; fileRef = 56BA9C7520279506003D6EA2 /* GigResults.swift */; };
		56BA9C792027C0B2003D6EA2 /* UIView.swift in Sources */ = {isa = PBXBuildFile; fileRef = 56BA9C782027C0B2003D6EA2 /* UIView.swift */; };
		56BA9C822027C939003D6EA2 /* GuitarStrikeFXView.swift in Sources */ = {isa = PBXBuildFile; fileRef = 56BA9C812027C939003D6EA2 /* GuitarStrikeFXView.swift */; };
		56BA9C882027D6BA003D6EA2 /* guitar_stereo.wav in Resources */ = {isa = PBXBuildFile; fileRef = 56BA9C872027D6BA003D6EA2 /* guitar_stereo.wav */; };
		56BA9C8A2027E2BF003D6EA2 /* Journal.swift in Sources */ = {isa = PBXBuildFile; fileRef = 56BA9C892027E2BF003D6EA2 /* Journal.swift */; };
		56BA9C8C2027E2E7003D6EA2 /* JournalEntry.swift in Sources */ = {isa = PBXBuildFile; fileRef = 56BA9C8B2027E2E7003D6EA2 /* JournalEntry.swift */; };
		56E73DF62020C5D3005F7ADD /* AppDelegate.swift in Sources */ = {isa = PBXBuildFile; fileRef = 56E73DF52020C5D3005F7ADD /* AppDelegate.swift */; };
		56E73DF82020C5D3005F7ADD /* CityMapViewController.swift in Sources */ = {isa = PBXBuildFile; fileRef = 56E73DF72020C5D3005F7ADD /* CityMapViewController.swift */; };
		56E73DFA2020C5D3005F7ADD /* ShopViewController.swift in Sources */ = {isa = PBXBuildFile; fileRef = 56E73DF92020C5D3005F7ADD /* ShopViewController.swift */; };
		56E73DFD2020C5D3005F7ADD /* Main.storyboard in Resources */ = {isa = PBXBuildFile; fileRef = 56E73DFB2020C5D3005F7ADD /* Main.storyboard */; };
		56E73E022020C5D3005F7ADD /* LaunchScreen.storyboard in Resources */ = {isa = PBXBuildFile; fileRef = 56E73E002020C5D3005F7ADD /* LaunchScreen.storyboard */; };
		56F092072025026100C9AA10 /* ProfileViewController.swift in Sources */ = {isa = PBXBuildFile; fileRef = 56F092062025026100C9AA10 /* ProfileViewController.swift */; };
		56F092092025028E00C9AA10 /* SchoolViewController.swift in Sources */ = {isa = PBXBuildFile; fileRef = 56F092082025028E00C9AA10 /* SchoolViewController.swift */; };
		56F0920B202502A100C9AA10 /* JournalViewController.swift in Sources */ = {isa = PBXBuildFile; fileRef = 56F0920A202502A100C9AA10 /* JournalViewController.swift */; };
		56F0920D202503D300C9AA10 /* JournalTableViewCell.swift in Sources */ = {isa = PBXBuildFile; fileRef = 56F0920C202503D300C9AA10 /* JournalTableViewCell.swift */; };
		56F0920F2025137C00C9AA10 /* Assets.xcassets in Resources */ = {isa = PBXBuildFile; fileRef = 56F0920E2025137B00C9AA10 /* Assets.xcassets */; };
		56F09211202526F900C9AA10 /* CustomUIViewController.swift in Sources */ = {isa = PBXBuildFile; fileRef = 56F09210202526F900C9AA10 /* CustomUIViewController.swift */; };
		56F09215202558EC00C9AA10 /* PlayerCashViewController.swift in Sources */ = {isa = PBXBuildFile; fileRef = 56F09214202558EC00C9AA10 /* PlayerCashViewController.swift */; };
		56F0921720269E5900C9AA10 /* Default.swift in Sources */ = {isa = PBXBuildFile; fileRef = 56F0921620269E5900C9AA10 /* Default.swift */; };
/* End PBXBuildFile section */

/* Begin PBXFileReference section */
		56034A832022A80500854FA7 /* GigViewController.swift */ = {isa = PBXFileReference; lastKnownFileType = sourcecode.swift; path = GigViewController.swift; sourceTree = "<group>"; };
		563F48F62026ABD800E9D489 /* StatsView.xib */ = {isa = PBXFileReference; lastKnownFileType = file.xib; path = StatsView.xib; sourceTree = "<group>"; };
		563F48F82026AC0500E9D489 /* StatsView.swift */ = {isa = PBXFileReference; lastKnownFileType = sourcecode.swift; path = StatsView.swift; sourceTree = "<group>"; };
		5650CBD7202340F0000C1237 /* Gig.swift */ = {isa = PBXFileReference; lastKnownFileType = sourcecode.swift; path = Gig.swift; sourceTree = "<group>"; };
		5650CBD9202345C4000C1237 /* GigDelegate.swift */ = {isa = PBXFileReference; lastKnownFileType = sourcecode.swift; path = GigDelegate.swift; sourceTree = "<group>"; };
		5650CBDB20234892000C1237 /* GigViewController+Dynamics.swift */ = {isa = PBXFileReference; lastKnownFileType = sourcecode.swift; path = "GigViewController+Dynamics.swift"; sourceTree = "<group>"; };
		5650CBDD202348A3000C1237 /* GigViewController+GigDelegate.swift */ = {isa = PBXFileReference; lastKnownFileType = sourcecode.swift; path = "GigViewController+GigDelegate.swift"; sourceTree = "<group>"; };
		566B6948202126F60078E2B2 /* Player.swift */ = {isa = PBXFileReference; lastKnownFileType = sourcecode.swift; path = Player.swift; sourceTree = "<group>"; };
		566B694A2021270C0078E2B2 /* Venue.swift */ = {isa = PBXFileReference; lastKnownFileType = sourcecode.swift; path = Venue.swift; sourceTree = "<group>"; };
		566B694C202127480078E2B2 /* Shop.swift */ = {isa = PBXFileReference; lastKnownFileType = sourcecode.swift; path = Shop.swift; sourceTree = "<group>"; };
		566B69532021381C0078E2B2 /* VenueViewController.swift */ = {isa = PBXFileReference; lastKnownFileType = sourcecode.swift; path = VenueViewController.swift; sourceTree = "<group>"; };
		566B69552021B8E90078E2B2 /* ShopDataModel.swift */ = {isa = PBXFileReference; lastKnownFileType = sourcecode.swift; path = ShopDataModel.swift; sourceTree = "<group>"; };
		566B69572021BDE40078E2B2 /* ShopItem.swift */ = {isa = PBXFileReference; lastKnownFileType = sourcecode.swift; path = ShopItem.swift; sourceTree = "<group>"; };
		566B695B2021CBE20078E2B2 /* ShopItemTableViewCell.swift */ = {isa = PBXFileReference; lastKnownFileType = sourcecode.swift; path = ShopItemTableViewCell.swift; sourceTree = "<group>"; };
		566B695D20222C110078E2B2 /* shop.json */ = {isa = PBXFileReference; lastKnownFileType = text.json; path = shop.json; sourceTree = "<group>"; };
		566B695F202260B50078E2B2 /* SimpleJSON.swift */ = {isa = PBXFileReference; lastKnownFileType = sourcecode.swift; path = SimpleJSON.swift; sourceTree = "<group>"; };
		566FF2D8202264FD003B1251 /* Info.plist */ = {isa = PBXFileReference; fileEncoding = 4; lastKnownFileType = text.plist.xml; name = Info.plist; path = RiseOfARockstar/Info.plist; sourceTree = "<group>"; };
		566FF2DC20226C83003B1251 /* venues.json */ = {isa = PBXFileReference; fileEncoding = 4; lastKnownFileType = text.json; path = venues.json; sourceTree = "<group>"; };
		56AE166320226ECA0028568A /* VenuesDataModel.swift */ = {isa = PBXFileReference; lastKnownFileType = sourcecode.swift; path = VenuesDataModel.swift; sourceTree = "<group>"; };
		56BA9C6C2027237B003D6EA2 /* StarRatingView.xib */ = {isa = PBXFileReference; lastKnownFileType = file.xib; path = StarRatingView.xib; sourceTree = "<group>"; };
		56BA9C6F202723AF003D6EA2 /* StarRatingView.swift */ = {isa = PBXFileReference; lastKnownFileType = sourcecode.swift; path = StarRatingView.swift; sourceTree = "<group>"; };
		56BA9C7120272761003D6EA2 /* CustomView.swift */ = {isa = PBXFileReference; lastKnownFileType = sourcecode.swift; path = CustomView.swift; sourceTree = "<group>"; };
		56BA9C73202743EC003D6EA2 /* MyTabBarController.swift */ = {isa = PBXFileReference; lastKnownFileType = sourcecode.swift; path = MyTabBarController.swift; sourceTree = "<group>"; };
		56BA9C7520279506003D6EA2 /* GigResults.swift */ = {isa = PBXFileReference; lastKnownFileType = sourcecode.swift; path = GigResults.swift; sourceTree = "<group>"; };
		56BA9C782027C0B2003D6EA2 /* UIView.swift */ = {isa = PBXFileReference; lastKnownFileType = sourcecode.swift; path = UIView.swift; sourceTree = "<group>"; };
		56BA9C812027C939003D6EA2 /* GuitarStrikeFXView.swift */ = {isa = PBXFileReference; lastKnownFileType = sourcecode.swift; path = GuitarStrikeFXView.swift; sourceTree = "<group>"; };
		56BA9C872027D6BA003D6EA2 /* guitar_stereo.wav */ = {isa = PBXFileReference; lastKnownFileType = audio.wav; path = guitar_stereo.wav; sourceTree = "<group>"; };
		56BA9C892027E2BF003D6EA2 /* Journal.swift */ = {isa = PBXFileReference; lastKnownFileType = sourcecode.swift; path = Journal.swift; sourceTree = "<group>"; };
		56BA9C8B2027E2E7003D6EA2 /* JournalEntry.swift */ = {isa = PBXFileReference; lastKnownFileType = sourcecode.swift; path = JournalEntry.swift; sourceTree = "<group>"; };
		56E73DF22020C5D3005F7ADD /* RiseOfARockstar.app */ = {isa = PBXFileReference; explicitFileType = wrapper.application; includeInIndex = 0; path = RiseOfARockstar.app; sourceTree = BUILT_PRODUCTS_DIR; };
		56E73DF52020C5D3005F7ADD /* AppDelegate.swift */ = {isa = PBXFileReference; lastKnownFileType = sourcecode.swift; path = AppDelegate.swift; sourceTree = "<group>"; };
		56E73DF72020C5D3005F7ADD /* CityMapViewController.swift */ = {isa = PBXFileReference; lastKnownFileType = sourcecode.swift; path = CityMapViewController.swift; sourceTree = "<group>"; };
		56E73DF92020C5D3005F7ADD /* ShopViewController.swift */ = {isa = PBXFileReference; lastKnownFileType = sourcecode.swift; path = ShopViewController.swift; sourceTree = "<group>"; };
		56E73DFC2020C5D3005F7ADD /* Base */ = {isa = PBXFileReference; lastKnownFileType = file.storyboard; name = Base; path = Base.lproj/Main.storyboard; sourceTree = "<group>"; };
		56E73E012020C5D3005F7ADD /* Base */ = {isa = PBXFileReference; lastKnownFileType = file.storyboard; name = Base; path = Base.lproj/LaunchScreen.storyboard; sourceTree = "<group>"; };
		56F092062025026100C9AA10 /* ProfileViewController.swift */ = {isa = PBXFileReference; lastKnownFileType = sourcecode.swift; path = ProfileViewController.swift; sourceTree = "<group>"; };
		56F092082025028E00C9AA10 /* SchoolViewController.swift */ = {isa = PBXFileReference; lastKnownFileType = sourcecode.swift; path = SchoolViewController.swift; sourceTree = "<group>"; };
		56F0920A202502A100C9AA10 /* JournalViewController.swift */ = {isa = PBXFileReference; lastKnownFileType = sourcecode.swift; path = JournalViewController.swift; sourceTree = "<group>"; };
		56F0920C202503D300C9AA10 /* JournalTableViewCell.swift */ = {isa = PBXFileReference; lastKnownFileType = sourcecode.swift; path = JournalTableViewCell.swift; sourceTree = "<group>"; };
		56F0920E2025137B00C9AA10 /* Assets.xcassets */ = {isa = PBXFileReference; lastKnownFileType = folder.assetcatalog; path = Assets.xcassets; sourceTree = "<group>"; };
		56F09210202526F900C9AA10 /* CustomUIViewController.swift */ = {isa = PBXFileReference; lastKnownFileType = sourcecode.swift; path = CustomUIViewController.swift; sourceTree = "<group>"; };
		56F09214202558EC00C9AA10 /* PlayerCashViewController.swift */ = {isa = PBXFileReference; lastKnownFileType = sourcecode.swift; path = PlayerCashViewController.swift; sourceTree = "<group>"; };
		56F0921620269E5900C9AA10 /* Default.swift */ = {isa = PBXFileReference; lastKnownFileType = sourcecode.swift; path = Default.swift; sourceTree = "<group>"; };
/* End PBXFileReference section */

/* Begin PBXFrameworksBuildPhase section */
		56E73DEF2020C5D3005F7ADD /* Frameworks */ = {
			isa = PBXFrameworksBuildPhase;
			buildActionMask = 2147483647;
			files = (
			);
			runOnlyForDeploymentPostprocessing = 0;
		};
/* End PBXFrameworksBuildPhase section */

/* Begin PBXGroup section */
		566B695E202260830078E2B2 /* Util */ = {
			isa = PBXGroup;
			children = (
				56BA9C772027C0A1003D6EA2 /* Extensions */,
				566B695F202260B50078E2B2 /* SimpleJSON.swift */,
			);
			path = Util;
			sourceTree = "<group>";
		};
		566FF2DA20226535003B1251 /* Storyboards */ = {
			isa = PBXGroup;
			children = (
				56E73DFB2020C5D3005F7ADD /* Main.storyboard */,
				56E73E002020C5D3005F7ADD /* LaunchScreen.storyboard */,
			);
			path = Storyboards;
			sourceTree = "<group>";
		};
		56AE166520226F800028568A /* Data */ = {
			isa = PBXGroup;
			children = (
				566B69552021B8E90078E2B2 /* ShopDataModel.swift */,
				56AE166320226ECA0028568A /* VenuesDataModel.swift */,
			);
			path = Data;
			sourceTree = "<group>";
		};
		56BA9C6E20272387003D6EA2 /* Custom */ = {
			isa = PBXGroup;
			children = (
				563F48F62026ABD800E9D489 /* StatsView.xib */,
				563F48F82026AC0500E9D489 /* StatsView.swift */,
				56BA9C6C2027237B003D6EA2 /* StarRatingView.xib */,
				56BA9C6F202723AF003D6EA2 /* StarRatingView.swift */,
				56BA9C7120272761003D6EA2 /* CustomView.swift */,
			);
			path = Custom;
			sourceTree = "<group>";
		};
		56BA9C772027C0A1003D6EA2 /* Extensions */ = {
			isa = PBXGroup;
			children = (
				56BA9C782027C0B2003D6EA2 /* UIView.swift */,
			);
			path = Extensions;
			sourceTree = "<group>";
		};
		56BA9C7A2027C1B2003D6EA2 /* Sounds */ = {
			isa = PBXGroup;
			children = (
				56BA9C872027D6BA003D6EA2 /* guitar_stereo.wav */,
			);
			path = Sounds;
			sourceTree = "<group>";
		};
		56E73DE92020C5D3005F7ADD = {
			isa = PBXGroup;
			children = (
				56E73DF42020C5D3005F7ADD /* RiseOfARockstar */,
				56E73DF52020C5D3005F7ADD /* AppDelegate.swift */,
				566FF2D8202264FD003B1251 /* Info.plist */,
				56E73DF32020C5D3005F7ADD /* Products */,
			);
			sourceTree = "<group>";
		};
		56E73DF32020C5D3005F7ADD /* Products */ = {
			isa = PBXGroup;
			children = (
				56E73DF22020C5D3005F7ADD /* RiseOfARockstar.app */,
			);
			name = Products;
			sourceTree = "<group>";
		};
		56E73DF42020C5D3005F7ADD /* RiseOfARockstar */ = {
			isa = PBXGroup;
			children = (
				56E73E0E20210AE6005F7ADD /* Assets */,
				56E73E0D20210ADD005F7ADD /* Controller */,
				56E73E0B20210A6D005F7ADD /* Model */,
				566B695E202260830078E2B2 /* Util */,
				56E73E0C20210AD3005F7ADD /* View */,
			);
			path = RiseOfARockstar;
			sourceTree = "<group>";
		};
		56E73E0B20210A6D005F7ADD /* Model */ = {
			isa = PBXGroup;
			children = (
				56AE166520226F800028568A /* Data */,
				56F0921620269E5900C9AA10 /* Default.swift */,
				5650CBD7202340F0000C1237 /* Gig.swift */,
				5650CBD9202345C4000C1237 /* GigDelegate.swift */,
				566B6948202126F60078E2B2 /* Player.swift */,
				566B694C202127480078E2B2 /* Shop.swift */,
				566B69572021BDE40078E2B2 /* ShopItem.swift */,
				566B694A2021270C0078E2B2 /* Venue.swift */,
				56BA9C892027E2BF003D6EA2 /* Journal.swift */,
				56BA9C8B2027E2E7003D6EA2 /* JournalEntry.swift */,
			);
			path = Model;
			sourceTree = "<group>";
		};
		56E73E0C20210AD3005F7ADD /* View */ = {
			isa = PBXGroup;
			children = (
				56BA9C6E20272387003D6EA2 /* Custom */,
				566FF2DA20226535003B1251 /* Storyboards */,
				56F0920C202503D300C9AA10 /* JournalTableViewCell.swift */,
				566B695B2021CBE20078E2B2 /* ShopItemTableViewCell.swift */,
				56BA9C812027C939003D6EA2 /* GuitarStrikeFXView.swift */,
			);
			path = View;
			sourceTree = "<group>";
		};
		56E73E0D20210ADD005F7ADD /* Controller */ = {
			isa = PBXGroup;
			children = (
				56F09213202558D900C9AA10 /* Partial */,
				56F09210202526F900C9AA10 /* CustomUIViewController.swift */,
				56E73DF72020C5D3005F7ADD /* CityMapViewController.swift */,
				56034A832022A80500854FA7 /* GigViewController.swift */,
				5650CBDB20234892000C1237 /* GigViewController+Dynamics.swift */,
				5650CBDD202348A3000C1237 /* GigViewController+GigDelegate.swift */,
				56F0920A202502A100C9AA10 /* JournalViewController.swift */,
				56F092062025026100C9AA10 /* ProfileViewController.swift */,
				56F092082025028E00C9AA10 /* SchoolViewController.swift */,
				56E73DF92020C5D3005F7ADD /* ShopViewController.swift */,
				566B69532021381C0078E2B2 /* VenueViewController.swift */,
				56BA9C73202743EC003D6EA2 /* MyTabBarController.swift */,
				56BA9C7520279506003D6EA2 /* GigResults.swift */,
			);
			path = Controller;
			sourceTree = "<group>";
		};
		56E73E0E20210AE6005F7ADD /* Assets */ = {
			isa = PBXGroup;
			children = (
				56BA9C7A2027C1B2003D6EA2 /* Sounds */,
				56F0920E2025137B00C9AA10 /* Assets.xcassets */,
				566FF2DC20226C83003B1251 /* venues.json */,
				566B695D20222C110078E2B2 /* shop.json */,
			);
			path = Assets;
			sourceTree = "<group>";
		};
		56F09213202558D900C9AA10 /* Partial */ = {
			isa = PBXGroup;
			children = (
				56F09214202558EC00C9AA10 /* PlayerCashViewController.swift */,
			);
			path = Partial;
			sourceTree = "<group>";
		};
/* End PBXGroup section */

/* Begin PBXNativeTarget section */
		56E73DF12020C5D3005F7ADD /* RiseOfARockstar */ = {
			isa = PBXNativeTarget;
			buildConfigurationList = 56E73E062020C5D3005F7ADD /* Build configuration list for PBXNativeTarget "RiseOfARockstar" */;
			buildPhases = (
				56E73DEE2020C5D3005F7ADD /* Sources */,
				56E73DEF2020C5D3005F7ADD /* Frameworks */,
				56E73DF02020C5D3005F7ADD /* Resources */,
			);
			buildRules = (
			);
			dependencies = (
			);
			name = RiseOfARockstar;
			productName = RiseOfARockstar;
			productReference = 56E73DF22020C5D3005F7ADD /* RiseOfARockstar.app */;
			productType = "com.apple.product-type.application";
		};
/* End PBXNativeTarget section */

/* Begin PBXProject section */
		56E73DEA2020C5D3005F7ADD /* Project object */ = {
			isa = PBXProject;
			attributes = {
				LastSwiftUpdateCheck = 0920;
				LastUpgradeCheck = 0920;
				ORGANIZATIONNAME = "Charles Ferreira";
				TargetAttributes = {
					56E73DF12020C5D3005F7ADD = {
						CreatedOnToolsVersion = 9.2;
						ProvisioningStyle = Automatic;
					};
				};
			};
			buildConfigurationList = 56E73DED2020C5D3005F7ADD /* Build configuration list for PBXProject "RiseOfARockstar" */;
			compatibilityVersion = "Xcode 8.0";
			developmentRegion = en;
			hasScannedForEncodings = 0;
			knownRegions = (
				en,
				Base,
			);
			mainGroup = 56E73DE92020C5D3005F7ADD;
			productRefGroup = 56E73DF32020C5D3005F7ADD /* Products */;
			projectDirPath = "";
			projectRoot = "";
			targets = (
				56E73DF12020C5D3005F7ADD /* RiseOfARockstar */,
			);
		};
/* End PBXProject section */

/* Begin PBXResourcesBuildPhase section */
		56E73DF02020C5D3005F7ADD /* Resources */ = {
			isa = PBXResourcesBuildPhase;
			buildActionMask = 2147483647;
			files = (
				566FF2DB20226659003B1251 /* shop.json in Resources */,
				566FF2DD20226C83003B1251 /* venues.json in Resources */,
				56BA9C882027D6BA003D6EA2 /* guitar_stereo.wav in Resources */,
				563F48F72026ABD800E9D489 /* StatsView.xib in Resources */,
				56E73E022020C5D3005F7ADD /* LaunchScreen.storyboard in Resources */,
				56E73DFD2020C5D3005F7ADD /* Main.storyboard in Resources */,
				56F0920F2025137C00C9AA10 /* Assets.xcassets in Resources */,
				56BA9C6D2027237B003D6EA2 /* StarRatingView.xib in Resources */,
			);
			runOnlyForDeploymentPostprocessing = 0;
		};
/* End PBXResourcesBuildPhase section */

/* Begin PBXSourcesBuildPhase section */
		56E73DEE2020C5D3005F7ADD /* Sources */ = {
			isa = PBXSourcesBuildPhase;
			buildActionMask = 2147483647;
			files = (
				566B694B2021270C0078E2B2 /* Venue.swift in Sources */,
				566B69542021381C0078E2B2 /* VenueViewController.swift in Sources */,
				566B6949202126F70078E2B2 /* Player.swift in Sources */,
				56BA9C8A2027E2BF003D6EA2 /* Journal.swift in Sources */,
				5650CBD8202340F0000C1237 /* Gig.swift in Sources */,
				56F0920B202502A100C9AA10 /* JournalViewController.swift in Sources */,
				56BA9C70202723AF003D6EA2 /* StarRatingView.swift in Sources */,
				56F092092025028E00C9AA10 /* SchoolViewController.swift in Sources */,
				5650CBDA202345C4000C1237 /* GigDelegate.swift in Sources */,
				56AE166420226ECA0028568A /* VenuesDataModel.swift in Sources */,
				56BA9C7620279506003D6EA2 /* GigResults.swift in Sources */,
				56BA9C792027C0B2003D6EA2 /* UIView.swift in Sources */,
				56F092072025026100C9AA10 /* ProfileViewController.swift in Sources */,
				566B69562021B8E90078E2B2 /* ShopDataModel.swift in Sources */,
				56E73DFA2020C5D3005F7ADD /* ShopViewController.swift in Sources */,
				56BA9C8C2027E2E7003D6EA2 /* JournalEntry.swift in Sources */,
				56F09215202558EC00C9AA10 /* PlayerCashViewController.swift in Sources */,
				56BA9C74202743EC003D6EA2 /* MyTabBarController.swift in Sources */,
				5650CBDC20234892000C1237 /* GigViewController+Dynamics.swift in Sources */,
				56F0921720269E5900C9AA10 /* Default.swift in Sources */,
				5650CBDE202348A3000C1237 /* GigViewController+GigDelegate.swift in Sources */,
				56BA9C822027C939003D6EA2 /* GuitarStrikeFXView.swift in Sources */,
				56034A842022A80500854FA7 /* GigViewController.swift in Sources */,
				56F09211202526F900C9AA10 /* CustomUIViewController.swift in Sources */,
				566B695C2021CBE20078E2B2 /* ShopItemTableViewCell.swift in Sources */,
				566B69582021BDE40078E2B2 /* ShopItem.swift in Sources */,
				56F0920D202503D300C9AA10 /* JournalTableViewCell.swift in Sources */,
				56BA9C7220272761003D6EA2 /* CustomView.swift in Sources */,
				566B694D202127480078E2B2 /* Shop.swift in Sources */,
				563F48F92026AC0500E9D489 /* StatsView.swift in Sources */,
				566B6960202260B50078E2B2 /* SimpleJSON.swift in Sources */,
				56E73DF62020C5D3005F7ADD /* AppDelegate.swift in Sources */,
				56E73DF82020C5D3005F7ADD /* CityMapViewController.swift in Sources */,
			);
			runOnlyForDeploymentPostprocessing = 0;
		};
/* End PBXSourcesBuildPhase section */

/* Begin PBXVariantGroup section */
		56E73DFB2020C5D3005F7ADD /* Main.storyboard */ = {
			isa = PBXVariantGroup;
			children = (
				56E73DFC2020C5D3005F7ADD /* Base */,
			);
			name = Main.storyboard;
			sourceTree = "<group>";
		};
		56E73E002020C5D3005F7ADD /* LaunchScreen.storyboard */ = {
			isa = PBXVariantGroup;
			children = (
				56E73E012020C5D3005F7ADD /* Base */,
			);
			name = LaunchScreen.storyboard;
			sourceTree = "<group>";
		};
/* End PBXVariantGroup section */

/* Begin XCBuildConfiguration section */
		56E73E042020C5D3005F7ADD /* Debug */ = {
			isa = XCBuildConfiguration;
			buildSettings = {
				ALWAYS_SEARCH_USER_PATHS = NO;
				CLANG_ANALYZER_NONNULL = YES;
				CLANG_ANALYZER_NUMBER_OBJECT_CONVERSION = YES_AGGRESSIVE;
				CLANG_CXX_LANGUAGE_STANDARD = "gnu++14";
				CLANG_CXX_LIBRARY = "libc++";
				CLANG_ENABLE_MODULES = YES;
				CLANG_ENABLE_OBJC_ARC = YES;
				CLANG_WARN_BLOCK_CAPTURE_AUTORELEASING = YES;
				CLANG_WARN_BOOL_CONVERSION = YES;
				CLANG_WARN_COMMA = YES;
				CLANG_WARN_CONSTANT_CONVERSION = YES;
				CLANG_WARN_DIRECT_OBJC_ISA_USAGE = YES_ERROR;
				CLANG_WARN_DOCUMENTATION_COMMENTS = YES;
				CLANG_WARN_EMPTY_BODY = YES;
				CLANG_WARN_ENUM_CONVERSION = YES;
				CLANG_WARN_INFINITE_RECURSION = YES;
				CLANG_WARN_INT_CONVERSION = YES;
				CLANG_WARN_NON_LITERAL_NULL_CONVERSION = YES;
				CLANG_WARN_OBJC_LITERAL_CONVERSION = YES;
				CLANG_WARN_OBJC_ROOT_CLASS = YES_ERROR;
				CLANG_WARN_RANGE_LOOP_ANALYSIS = YES;
				CLANG_WARN_STRICT_PROTOTYPES = YES;
				CLANG_WARN_SUSPICIOUS_MOVE = YES;
				CLANG_WARN_UNGUARDED_AVAILABILITY = YES_AGGRESSIVE;
				CLANG_WARN_UNREACHABLE_CODE = YES;
				CLANG_WARN__DUPLICATE_METHOD_MATCH = YES;
				CODE_SIGN_IDENTITY = "iPhone Developer";
				COPY_PHASE_STRIP = NO;
				DEBUG_INFORMATION_FORMAT = dwarf;
				ENABLE_STRICT_OBJC_MSGSEND = YES;
				ENABLE_TESTABILITY = YES;
				GCC_C_LANGUAGE_STANDARD = gnu11;
				GCC_DYNAMIC_NO_PIC = NO;
				GCC_NO_COMMON_BLOCKS = YES;
				GCC_OPTIMIZATION_LEVEL = 0;
				GCC_PREPROCESSOR_DEFINITIONS = (
					"DEBUG=1",
					"$(inherited)",
				);
				GCC_WARN_64_TO_32_BIT_CONVERSION = YES;
				GCC_WARN_ABOUT_RETURN_TYPE = YES_ERROR;
				GCC_WARN_UNDECLARED_SELECTOR = YES;
				GCC_WARN_UNINITIALIZED_AUTOS = YES_AGGRESSIVE;
				GCC_WARN_UNUSED_FUNCTION = YES;
				GCC_WARN_UNUSED_VARIABLE = YES;
				IPHONEOS_DEPLOYMENT_TARGET = 11.2;
				MTL_ENABLE_DEBUG_INFO = YES;
				ONLY_ACTIVE_ARCH = YES;
				SDKROOT = iphoneos;
				SWIFT_ACTIVE_COMPILATION_CONDITIONS = DEBUG;
				SWIFT_OPTIMIZATION_LEVEL = "-Onone";
			};
			name = Debug;
		};
		56E73E052020C5D3005F7ADD /* Release */ = {
			isa = XCBuildConfiguration;
			buildSettings = {
				ALWAYS_SEARCH_USER_PATHS = NO;
				CLANG_ANALYZER_NONNULL = YES;
				CLANG_ANALYZER_NUMBER_OBJECT_CONVERSION = YES_AGGRESSIVE;
				CLANG_CXX_LANGUAGE_STANDARD = "gnu++14";
				CLANG_CXX_LIBRARY = "libc++";
				CLANG_ENABLE_MODULES = YES;
				CLANG_ENABLE_OBJC_ARC = YES;
				CLANG_WARN_BLOCK_CAPTURE_AUTORELEASING = YES;
				CLANG_WARN_BOOL_CONVERSION = YES;
				CLANG_WARN_COMMA = YES;
				CLANG_WARN_CONSTANT_CONVERSION = YES;
				CLANG_WARN_DIRECT_OBJC_ISA_USAGE = YES_ERROR;
				CLANG_WARN_DOCUMENTATION_COMMENTS = YES;
				CLANG_WARN_EMPTY_BODY = YES;
				CLANG_WARN_ENUM_CONVERSION = YES;
				CLANG_WARN_INFINITE_RECURSION = YES;
				CLANG_WARN_INT_CONVERSION = YES;
				CLANG_WARN_NON_LITERAL_NULL_CONVERSION = YES;
				CLANG_WARN_OBJC_LITERAL_CONVERSION = YES;
				CLANG_WARN_OBJC_ROOT_CLASS = YES_ERROR;
				CLANG_WARN_RANGE_LOOP_ANALYSIS = YES;
				CLANG_WARN_STRICT_PROTOTYPES = YES;
				CLANG_WARN_SUSPICIOUS_MOVE = YES;
				CLANG_WARN_UNGUARDED_AVAILABILITY = YES_AGGRESSIVE;
				CLANG_WARN_UNREACHABLE_CODE = YES;
				CLANG_WARN__DUPLICATE_METHOD_MATCH = YES;
				CODE_SIGN_IDENTITY = "iPhone Developer";
				COPY_PHASE_STRIP = NO;
				DEBUG_INFORMATION_FORMAT = "dwarf-with-dsym";
				ENABLE_NS_ASSERTIONS = NO;
				ENABLE_STRICT_OBJC_MSGSEND = YES;
				GCC_C_LANGUAGE_STANDARD = gnu11;
				GCC_NO_COMMON_BLOCKS = YES;
				GCC_WARN_64_TO_32_BIT_CONVERSION = YES;
				GCC_WARN_ABOUT_RETURN_TYPE = YES_ERROR;
				GCC_WARN_UNDECLARED_SELECTOR = YES;
				GCC_WARN_UNINITIALIZED_AUTOS = YES_AGGRESSIVE;
				GCC_WARN_UNUSED_FUNCTION = YES;
				GCC_WARN_UNUSED_VARIABLE = YES;
				IPHONEOS_DEPLOYMENT_TARGET = 11.2;
				MTL_ENABLE_DEBUG_INFO = NO;
				SDKROOT = iphoneos;
				SWIFT_OPTIMIZATION_LEVEL = "-Owholemodule";
				VALIDATE_PRODUCT = YES;
			};
			name = Release;
		};
		56E73E072020C5D3005F7ADD /* Debug */ = {
			isa = XCBuildConfiguration;
			buildSettings = {
				ASSETCATALOG_COMPILER_APPICON_NAME = AppIcon;
				CODE_SIGN_STYLE = Automatic;
				DEVELOPMENT_TEAM = 2978C4JMXA;
				INFOPLIST_FILE = RiseOfARockstar/Info.plist;
				LD_RUNPATH_SEARCH_PATHS = "$(inherited) @executable_path/Frameworks";
				PRODUCT_BUNDLE_IDENTIFIER = br.com.charlesferreira.RiseOfARockstar;
				PRODUCT_NAME = "$(TARGET_NAME)";
				SWIFT_VERSION = 4.0;
				TARGETED_DEVICE_FAMILY = "1,2";
			};
			name = Debug;
		};
		56E73E082020C5D3005F7ADD /* Release */ = {
			isa = XCBuildConfiguration;
			buildSettings = {
				ASSETCATALOG_COMPILER_APPICON_NAME = AppIcon;
				CODE_SIGN_STYLE = Automatic;
				DEVELOPMENT_TEAM = 2978C4JMXA;
				INFOPLIST_FILE = RiseOfARockstar/Info.plist;
				LD_RUNPATH_SEARCH_PATHS = "$(inherited) @executable_path/Frameworks";
				PRODUCT_BUNDLE_IDENTIFIER = br.com.charlesferreira.RiseOfARockstar;
				PRODUCT_NAME = "$(TARGET_NAME)";
				SWIFT_VERSION = 4.0;
				TARGETED_DEVICE_FAMILY = "1,2";
			};
			name = Release;
		};
/* End XCBuildConfiguration section */

/* Begin XCConfigurationList section */
		56E73DED2020C5D3005F7ADD /* Build configuration list for PBXProject "RiseOfARockstar" */ = {
			isa = XCConfigurationList;
			buildConfigurations = (
				56E73E042020C5D3005F7ADD /* Debug */,
				56E73E052020C5D3005F7ADD /* Release */,
			);
			defaultConfigurationIsVisible = 0;
			defaultConfigurationName = Release;
		};
		56E73E062020C5D3005F7ADD /* Build configuration list for PBXNativeTarget "RiseOfARockstar" */ = {
			isa = XCConfigurationList;
			buildConfigurations = (
				56E73E072020C5D3005F7ADD /* Debug */,
				56E73E082020C5D3005F7ADD /* Release */,
			);
			defaultConfigurationIsVisible = 0;
			defaultConfigurationName = Release;
		};
/* End XCConfigurationList section */
	};
	rootObject = 56E73DEA2020C5D3005F7ADD /* Project object */;
}
